
Microsoft Visual Studio Solution File, Format Version 12.00
# Visual Studio Version 17
VisualStudioVersion = 17.5.33516.290
MinimumVisualStudioVersion = 10.0.40219.1
Project("{FAE04EC0-301F-11D3-BF4B-00C04F79EFBC}") = "DTIntro", "DTIntro\DTIntro.csproj", "{BAE9B362-A4D6-46B5-A4AB-B59ED6745B05}"
EndProject
Global
	GlobalSection(SolutionConfigurationPlatforms) = preSolution
		Debug|Any CPU = Debug|Any CPU
		Release|Any CPU = Release|Any CPU
	EndGlobalSection
	GlobalSection(ProjectConfigurationPlatforms) = postSolution
		{BAE9B362-A4D6-46B5-A4AB-B59ED6745B05}.Debug|Any CPU.ActiveCfg = Debug|Any CPU
		{BAE9B362-A4D6-46B5-A4AB-B59ED6745B05}.Debug|Any CPU.Build.0 = Debug|Any CPU
		{BAE9B362-A4D6-46B5-A4AB-B59ED6745B05}.Release|Any CPU.ActiveCfg = Release|Any CPU
		{BAE9B362-A4D6-46B5-A4AB-B59ED6745B05}.Release|Any CPU.Build.0 = Release|Any CPU
	EndGlobalSection
	GlobalSection(SolutionProperties) = preSolution
		HideSolutionNode = FALSE
	EndGlobalSection
	GlobalSection(ExtensibilityGlobals) = postSolution
		SolutionGuid = {F4F60D6D-F5CA-4C6C-8B92-E14E2BA27973}
	EndGlobalSection
EndGlobal
