
Microsoft Visual Studio Solution File, Format Version 12.00
# Visual Studio Version 17
VisualStudioVersion = 17.5.33516.290
MinimumVisualStudioVersion = 10.0.40219.1
Project("{FAE04EC0-301F-11D3-BF4B-00C04F79EFBC}") = "subarray_with_sum", "subarray_with_sum\subarray_with_sum.csproj", "{0D4A4B60-965A-4922-A761-E22DF1555826}"
EndProject
Global
	GlobalSection(SolutionConfigurationPlatforms) = preSolution
		Debug|Any CPU = Debug|Any CPU
		Release|Any CPU = Release|Any CPU
	EndGlobalSection
	GlobalSection(ProjectConfigurationPlatforms) = postSolution
		{0D4A4B60-965A-4922-A761-E22DF1555826}.Debug|Any CPU.ActiveCfg = Debug|Any CPU
		{0D4A4B60-965A-4922-A761-E22DF1555826}.Debug|Any CPU.Build.0 = Debug|Any CPU
		{0D4A4B60-965A-4922-A761-E22DF1555826}.Release|Any CPU.ActiveCfg = Release|Any CPU
		{0D4A4B60-965A-4922-A761-E22DF1555826}.Release|Any CPU.Build.0 = Release|Any CPU
	EndGlobalSection
	GlobalSection(SolutionProperties) = preSolution
		HideSolutionNode = FALSE
	EndGlobalSection
	GlobalSection(ExtensibilityGlobals) = postSolution
		SolutionGuid = {6FC17365-A61F-4318-BD76-C18AC02E4910}
	EndGlobalSection
EndGlobal
