
Microsoft Visual Studio Solution File, Format Version 12.00
# Visual Studio Version 17
VisualStudioVersion = 17.5.33516.290
MinimumVisualStudioVersion = 10.0.40219.1
Project("{FAE04EC0-301F-11D3-BF4B-00C04F79EFBC}") = "CodeChallenge2dArray", "CodeChallenge2dArray\CodeChallenge2dArray.csproj", "{A799DF1C-60E8-4830-85B4-95FDE0DF1239}"
EndProject
Global
	GlobalSection(SolutionConfigurationPlatforms) = preSolution
		Debug|Any CPU = Debug|Any CPU
		Release|Any CPU = Release|Any CPU
	EndGlobalSection
	GlobalSection(ProjectConfigurationPlatforms) = postSolution
		{A799DF1C-60E8-4830-85B4-95FDE0DF1239}.Debug|Any CPU.ActiveCfg = Debug|Any CPU
		{A799DF1C-60E8-4830-85B4-95FDE0DF1239}.Debug|Any CPU.Build.0 = Debug|Any CPU
		{A799DF1C-60E8-4830-85B4-95FDE0DF1239}.Release|Any CPU.ActiveCfg = Release|Any CPU
		{A799DF1C-60E8-4830-85B4-95FDE0DF1239}.Release|Any CPU.Build.0 = Release|Any CPU
	EndGlobalSection
	GlobalSection(SolutionProperties) = preSolution
		HideSolutionNode = FALSE
	EndGlobalSection
	GlobalSection(ExtensibilityGlobals) = postSolution
		SolutionGuid = {7896FA37-CBB8-4333-82E4-BC2FA17846E2}
	EndGlobalSection
EndGlobal
