
Microsoft Visual Studio Solution File, Format Version 12.00
# Visual Studio Version 17
VisualStudioVersion = 17.5.33516.290
MinimumVisualStudioVersion = 10.0.40219.1
Project("{FAE04EC0-301F-11D3-BF4B-00C04F79EFBC}") = "AbsClassAreaPeri", "AbsClassAreaPeri\AbsClassAreaPeri.csproj", "{C9B31C18-67B6-46B6-A22B-CE66C9B03506}"
EndProject
Global
	GlobalSection(SolutionConfigurationPlatforms) = preSolution
		Debug|Any CPU = Debug|Any CPU
		Release|Any CPU = Release|Any CPU
	EndGlobalSection
	GlobalSection(ProjectConfigurationPlatforms) = postSolution
		{C9B31C18-67B6-46B6-A22B-CE66C9B03506}.Debug|Any CPU.ActiveCfg = Debug|Any CPU
		{C9B31C18-67B6-46B6-A22B-CE66C9B03506}.Debug|Any CPU.Build.0 = Debug|Any CPU
		{C9B31C18-67B6-46B6-A22B-CE66C9B03506}.Release|Any CPU.ActiveCfg = Release|Any CPU
		{C9B31C18-67B6-46B6-A22B-CE66C9B03506}.Release|Any CPU.Build.0 = Release|Any CPU
	EndGlobalSection
	GlobalSection(SolutionProperties) = preSolution
		HideSolutionNode = FALSE
	EndGlobalSection
	GlobalSection(ExtensibilityGlobals) = postSolution
		SolutionGuid = {CDB566FA-4628-4AC4-830C-BA398C4716DD}
	EndGlobalSection
EndGlobal
