
Microsoft Visual Studio Solution File, Format Version 12.00
# Visual Studio Version 17
VisualStudioVersion = 17.5.33516.290
MinimumVisualStudioVersion = 10.0.40219.1
Project("{FAE04EC0-301F-11D3-BF4B-00C04F79EFBC}") = "AbsDiff", "AbsDiff\AbsDiff.csproj", "{E0BE7104-DC3B-4CAE-A909-C07238CED902}"
EndProject
Global
	GlobalSection(SolutionConfigurationPlatforms) = preSolution
		Debug|Any CPU = Debug|Any CPU
		Release|Any CPU = Release|Any CPU
	EndGlobalSection
	GlobalSection(ProjectConfigurationPlatforms) = postSolution
		{E0BE7104-DC3B-4CAE-A909-C07238CED902}.Debug|Any CPU.ActiveCfg = Debug|Any CPU
		{E0BE7104-DC3B-4CAE-A909-C07238CED902}.Debug|Any CPU.Build.0 = Debug|Any CPU
		{E0BE7104-DC3B-4CAE-A909-C07238CED902}.Release|Any CPU.ActiveCfg = Release|Any CPU
		{E0BE7104-DC3B-4CAE-A909-C07238CED902}.Release|Any CPU.Build.0 = Release|Any CPU
	EndGlobalSection
	GlobalSection(SolutionProperties) = preSolution
		HideSolutionNode = FALSE
	EndGlobalSection
	GlobalSection(ExtensibilityGlobals) = postSolution
		SolutionGuid = {2952984D-CA54-4114-BE6E-8D725F9EDB9C}
	EndGlobalSection
EndGlobal
