
Microsoft Visual Studio Solution File, Format Version 12.00
# Visual Studio Version 17
VisualStudioVersion = 17.5.33516.290
MinimumVisualStudioVersion = 10.0.40219.1
Project("{FAE04EC0-301F-11D3-BF4B-00C04F79EFBC}") = "CodeChallengeGameLeap", "CodeChallengeGameLeap\CodeChallengeGameLeap.csproj", "{48536556-ECA0-4046-8AAA-B260C1128F3F}"
EndProject
Global
	GlobalSection(SolutionConfigurationPlatforms) = preSolution
		Debug|Any CPU = Debug|Any CPU
		Release|Any CPU = Release|Any CPU
	EndGlobalSection
	GlobalSection(ProjectConfigurationPlatforms) = postSolution
		{48536556-ECA0-4046-8AAA-B260C1128F3F}.Debug|Any CPU.ActiveCfg = Debug|Any CPU
		{48536556-ECA0-4046-8AAA-B260C1128F3F}.Debug|Any CPU.Build.0 = Debug|Any CPU
		{48536556-ECA0-4046-8AAA-B260C1128F3F}.Release|Any CPU.ActiveCfg = Release|Any CPU
		{48536556-ECA0-4046-8AAA-B260C1128F3F}.Release|Any CPU.Build.0 = Release|Any CPU
	EndGlobalSection
	GlobalSection(SolutionProperties) = preSolution
		HideSolutionNode = FALSE
	EndGlobalSection
	GlobalSection(ExtensibilityGlobals) = postSolution
		SolutionGuid = {75DFA706-9929-4D04-B3AC-FAE029BAEBB3}
	EndGlobalSection
EndGlobal
