
Microsoft Visual Studio Solution File, Format Version 12.00
# Visual Studio Version 17
VisualStudioVersion = 17.5.33516.290
MinimumVisualStudioVersion = 10.0.40219.1
Project("{FAE04EC0-301F-11D3-BF4B-00C04F79EFBC}") = "PolymorphismDemo", "PolymorphismDemo\PolymorphismDemo.csproj", "{3FD61970-EB8D-4240-B622-9EFAB7AB1B70}"
EndProject
Global
	GlobalSection(SolutionConfigurationPlatforms) = preSolution
		Debug|Any CPU = Debug|Any CPU
		Release|Any CPU = Release|Any CPU
	EndGlobalSection
	GlobalSection(ProjectConfigurationPlatforms) = postSolution
		{3FD61970-EB8D-4240-B622-9EFAB7AB1B70}.Debug|Any CPU.ActiveCfg = Debug|Any CPU
		{3FD61970-EB8D-4240-B622-9EFAB7AB1B70}.Debug|Any CPU.Build.0 = Debug|Any CPU
		{3FD61970-EB8D-4240-B622-9EFAB7AB1B70}.Release|Any CPU.ActiveCfg = Release|Any CPU
		{3FD61970-EB8D-4240-B622-9EFAB7AB1B70}.Release|Any CPU.Build.0 = Release|Any CPU
	EndGlobalSection
	GlobalSection(SolutionProperties) = preSolution
		HideSolutionNode = FALSE
	EndGlobalSection
	GlobalSection(ExtensibilityGlobals) = postSolution
		SolutionGuid = {468A55CF-614E-4639-A157-D71FACDBF59B}
	EndGlobalSection
EndGlobal
