
Microsoft Visual Studio Solution File, Format Version 12.00
# Visual Studio Version 17
VisualStudioVersion = 17.5.33516.290
MinimumVisualStudioVersion = 10.0.40219.1
Project("{FAE04EC0-301F-11D3-BF4B-00C04F79EFBC}") = "PartialDemo", "PartialDemo\PartialDemo.csproj", "{CDB5DF84-2286-401A-BD4F-BF90E289FDBB}"
EndProject
Global
	GlobalSection(SolutionConfigurationPlatforms) = preSolution
		Debug|Any CPU = Debug|Any CPU
		Release|Any CPU = Release|Any CPU
	EndGlobalSection
	GlobalSection(ProjectConfigurationPlatforms) = postSolution
		{CDB5DF84-2286-401A-BD4F-BF90E289FDBB}.Debug|Any CPU.ActiveCfg = Debug|Any CPU
		{CDB5DF84-2286-401A-BD4F-BF90E289FDBB}.Debug|Any CPU.Build.0 = Debug|Any CPU
		{CDB5DF84-2286-401A-BD4F-BF90E289FDBB}.Release|Any CPU.ActiveCfg = Release|Any CPU
		{CDB5DF84-2286-401A-BD4F-BF90E289FDBB}.Release|Any CPU.Build.0 = Release|Any CPU
	EndGlobalSection
	GlobalSection(SolutionProperties) = preSolution
		HideSolutionNode = FALSE
	EndGlobalSection
	GlobalSection(ExtensibilityGlobals) = postSolution
		SolutionGuid = {85F5A1ED-D349-46D2-BCEF-FD1727DB62A7}
	EndGlobalSection
EndGlobal
