
Microsoft Visual Studio Solution File, Format Version 12.00
# Visual Studio Version 17
VisualStudioVersion = 17.5.33516.290
MinimumVisualStudioVersion = 10.0.40219.1
Project("{FAE04EC0-301F-11D3-BF4B-00C04F79EFBC}") = "PyramidPatt", "PyramidPatt\PyramidPatt.csproj", "{DC74C506-FEC8-498D-B066-B6BC012504F6}"
EndProject
Global
	GlobalSection(SolutionConfigurationPlatforms) = preSolution
		Debug|Any CPU = Debug|Any CPU
		Release|Any CPU = Release|Any CPU
	EndGlobalSection
	GlobalSection(ProjectConfigurationPlatforms) = postSolution
		{DC74C506-FEC8-498D-B066-B6BC012504F6}.Debug|Any CPU.ActiveCfg = Debug|Any CPU
		{DC74C506-FEC8-498D-B066-B6BC012504F6}.Debug|Any CPU.Build.0 = Debug|Any CPU
		{DC74C506-FEC8-498D-B066-B6BC012504F6}.Release|Any CPU.ActiveCfg = Release|Any CPU
		{DC74C506-FEC8-498D-B066-B6BC012504F6}.Release|Any CPU.Build.0 = Release|Any CPU
	EndGlobalSection
	GlobalSection(SolutionProperties) = preSolution
		HideSolutionNode = FALSE
	EndGlobalSection
	GlobalSection(ExtensibilityGlobals) = postSolution
		SolutionGuid = {D00AFEE5-760D-473B-8C14-A9F006809AE8}
	EndGlobalSection
EndGlobal
