
Microsoft Visual Studio Solution File, Format Version 12.00
# Visual Studio Version 17
VisualStudioVersion = 17.5.33516.290
MinimumVisualStudioVersion = 10.0.40219.1
Project("{FAE04EC0-301F-11D3-BF4B-00C04F79EFBC}") = "BankException", "BankException\BankException.csproj", "{87A09EBB-A436-4533-9FD1-420B58798C60}"
EndProject
Global
	GlobalSection(SolutionConfigurationPlatforms) = preSolution
		Debug|Any CPU = Debug|Any CPU
		Release|Any CPU = Release|Any CPU
	EndGlobalSection
	GlobalSection(ProjectConfigurationPlatforms) = postSolution
		{87A09EBB-A436-4533-9FD1-420B58798C60}.Debug|Any CPU.ActiveCfg = Debug|Any CPU
		{87A09EBB-A436-4533-9FD1-420B58798C60}.Debug|Any CPU.Build.0 = Debug|Any CPU
		{87A09EBB-A436-4533-9FD1-420B58798C60}.Release|Any CPU.ActiveCfg = Release|Any CPU
		{87A09EBB-A436-4533-9FD1-420B58798C60}.Release|Any CPU.Build.0 = Release|Any CPU
	EndGlobalSection
	GlobalSection(SolutionProperties) = preSolution
		HideSolutionNode = FALSE
	EndGlobalSection
	GlobalSection(ExtensibilityGlobals) = postSolution
		SolutionGuid = {463186D5-5597-42B8-A637-7837BEE1EFBE}
	EndGlobalSection
EndGlobal
