
Microsoft Visual Studio Solution File, Format Version 12.00
# Visual Studio Version 17
VisualStudioVersion = 17.5.33516.290
MinimumVisualStudioVersion = 10.0.40219.1
Project("{FAE04EC0-301F-11D3-BF4B-00C04F79EFBC}") = "If_Else", "If_Else\If_Else.csproj", "{DC8269FA-803E-4FD9-883A-BCA349DF6F6A}"
EndProject
Global
	GlobalSection(SolutionConfigurationPlatforms) = preSolution
		Debug|Any CPU = Debug|Any CPU
		Release|Any CPU = Release|Any CPU
	EndGlobalSection
	GlobalSection(ProjectConfigurationPlatforms) = postSolution
		{DC8269FA-803E-4FD9-883A-BCA349DF6F6A}.Debug|Any CPU.ActiveCfg = Debug|Any CPU
		{DC8269FA-803E-4FD9-883A-BCA349DF6F6A}.Debug|Any CPU.Build.0 = Debug|Any CPU
		{DC8269FA-803E-4FD9-883A-BCA349DF6F6A}.Release|Any CPU.ActiveCfg = Release|Any CPU
		{DC8269FA-803E-4FD9-883A-BCA349DF6F6A}.Release|Any CPU.Build.0 = Release|Any CPU
	EndGlobalSection
	GlobalSection(SolutionProperties) = preSolution
		HideSolutionNode = FALSE
	EndGlobalSection
	GlobalSection(ExtensibilityGlobals) = postSolution
		SolutionGuid = {986597F4-5684-4D40-B08E-C747F1ABE1B7}
	EndGlobalSection
EndGlobal
